
Microsoft Visual Studio Solution File, Format Version 12.00
# Visual Studio Version 17
VisualStudioVersion = 17.3.32819.101
MinimumVisualStudioVersion = 10.0.40219.1
Project("{FAE04EC0-301F-11D3-BF4B-00C04F79EFBC}") = "webapp", "webapp\webapp.csproj", "{A8A06F62-061A-4F5E-BDA0-C6C1FBBE4C85}"
EndProject
Global
	GlobalSection(SolutionConfigurationPlatforms) = preSolution
		Debug|Any CPU = Debug|Any CPU
		Release|Any CPU = Release|Any CPU
	EndGlobalSection
	GlobalSection(ProjectConfigurationPlatforms) = postSolution
		{A8A06F62-061A-4F5E-BDA0-C6C1FBBE4C85}.Debug|Any CPU.ActiveCfg = Debug|Any CPU
		{A8A06F62-061A-4F5E-BDA0-C6C1FBBE4C85}.Debug|Any CPU.Build.0 = Debug|Any CPU
		{A8A06F62-061A-4F5E-BDA0-C6C1FBBE4C85}.Release|Any CPU.ActiveCfg = Release|Any CPU
		{A8A06F62-061A-4F5E-BDA0-C6C1FBBE4C85}.Release|Any CPU.Build.0 = Release|Any CPU
	EndGlobalSection
	GlobalSection(SolutionProperties) = preSolution
		HideSolutionNode = FALSE
	EndGlobalSection
	GlobalSection(ExtensibilityGlobals) = postSolution
		SolutionGuid = {E291ECA4-514B-4670-91C6-3EE03F075E7F}
	EndGlobalSection
EndGlobal
